
Microsoft Visual Studio Solution File, Format Version 12.00
# Visual Studio Version 17
VisualStudioVersion = 17.10.35201.131
MinimumVisualStudioVersion = 10.0.40219.1
Project("{9A19103F-16F7-4668-BE54-9A1E7A4F7556}") = "Single_Responsibility", "Single_Responcebility\Single_Responsibility.csproj", "{E231256E-441F-4097-929D-B1ED26620065}"
EndProject
Project("{FAE04EC0-301F-11D3-BF4B-00C04F79EFBC}") = "Open_Closed", "Open_Closed\Open_Closed.csproj", "{809BC032-E3B9-48D4-9F00-FD86E6F97F27}"
EndProject
Global
	GlobalSection(SolutionConfigurationPlatforms) = preSolution
		Debug|Any CPU = Debug|Any CPU
		Release|Any CPU = Release|Any CPU
	EndGlobalSection
	GlobalSection(ProjectConfigurationPlatforms) = postSolution
		{E231256E-441F-4097-929D-B1ED26620065}.Debug|Any CPU.ActiveCfg = Debug|Any CPU
		{E231256E-441F-4097-929D-B1ED26620065}.Debug|Any CPU.Build.0 = Debug|Any CPU
		{E231256E-441F-4097-929D-B1ED26620065}.Release|Any CPU.ActiveCfg = Release|Any CPU
		{E231256E-441F-4097-929D-B1ED26620065}.Release|Any CPU.Build.0 = Release|Any CPU
		{809BC032-E3B9-48D4-9F00-FD86E6F97F27}.Debug|Any CPU.ActiveCfg = Debug|Any CPU
		{809BC032-E3B9-48D4-9F00-FD86E6F97F27}.Debug|Any CPU.Build.0 = Debug|Any CPU
		{809BC032-E3B9-48D4-9F00-FD86E6F97F27}.Release|Any CPU.ActiveCfg = Release|Any CPU
		{809BC032-E3B9-48D4-9F00-FD86E6F97F27}.Release|Any CPU.Build.0 = Release|Any CPU
	EndGlobalSection
	GlobalSection(SolutionProperties) = preSolution
		HideSolutionNode = FALSE
	EndGlobalSection
	GlobalSection(ExtensibilityGlobals) = postSolution
		SolutionGuid = {CA2374A0-F803-430F-A10A-C3FA6ADA7EDB}
	EndGlobalSection
EndGlobal
